
Microsoft Visual Studio Solution File, Format Version 12.00
# Visual Studio Version 17
VisualStudioVersion = 17.8.34316.72
MinimumVisualStudioVersion = 10.0.40219.1
Project("{FAE04EC0-301F-11D3-BF4B-00C04F79EFBC}") = "FeminaWebApp", "FeminaWebApp\FeminaWebApp.csproj", "{697AA836-ACE4-4271-82B3-6408ACFAD84E}"
EndProject
Global
	GlobalSection(SolutionConfigurationPlatforms) = preSolution
		Debug|Any CPU = Debug|Any CPU
		Release|Any CPU = Release|Any CPU
	EndGlobalSection
	GlobalSection(ProjectConfigurationPlatforms) = postSolution
		{697AA836-ACE4-4271-82B3-6408ACFAD84E}.Debug|Any CPU.ActiveCfg = Debug|Any CPU
		{697AA836-ACE4-4271-82B3-6408ACFAD84E}.Debug|Any CPU.Build.0 = Debug|Any CPU
		{697AA836-ACE4-4271-82B3-6408ACFAD84E}.Release|Any CPU.ActiveCfg = Release|Any CPU
		{697AA836-ACE4-4271-82B3-6408ACFAD84E}.Release|Any CPU.Build.0 = Release|Any CPU
	EndGlobalSection
	GlobalSection(SolutionProperties) = preSolution
		HideSolutionNode = FALSE
	EndGlobalSection
	GlobalSection(ExtensibilityGlobals) = postSolution
		SolutionGuid = {53F0DB74-BA18-4A5D-8072-A8C04E6F7B1D}
	EndGlobalSection
EndGlobal
